// !$*UTF8*$!
{
	archiveVersion = 1;
	classes = {
	};
	objectVersion = 46;
	objects = {

/* Begin PBXBuildFile section */
		9BAFBB9C1C8CE45F00936603 /* main.cpp in Sources */ = {isa = PBXBuildFile; fileRef = 9BAFBB9B1C8CE45F00936603 /* main.cpp */; };
		9BAFBBAA1C8CEFA200936603 /* timer.cpp in Sources */ = {isa = PBXBuildFile; fileRef = 9BAFBBA81C8CEFA200936603 /* timer.cpp */; };
		9BAFBBAD1C8CF19400936603 /* word.cpp in Sources */ = {isa = PBXBuildFile; fileRef = 9BAFBBAB1C8CF19400936603 /* word.cpp */; };
		9BAFBBB01C8CF1A600936603 /* data_manager.cpp in Sources */ = {isa = PBXBuildFile; fileRef = 9BAFBBAE1C8CF1A600936603 /* data_manager.cpp */; };
		9BAFBBB31C8D001200936603 /* sentence.cpp in Sources */ = {isa = PBXBuildFile; fileRef = 9BAFBBB11C8D001200936603 /* sentence.cpp */; };
		9BAFBBB61C8D017E00936603 /* hidden_markov_model.cpp in Sources */ = {isa = PBXBuildFile; fileRef = 9BAFBBB41C8D017E00936603 /* hidden_markov_model.cpp */; };
		9BAFBBB91C8D01AC00936603 /* state.cpp in Sources */ = {isa = PBXBuildFile; fileRef = 9BAFBBB71C8D01AC00936603 /* state.cpp */; };
		9BAFBBBC1C8D0FCB00936603 /* transition.cpp in Sources */ = {isa = PBXBuildFile; fileRef = 9BAFBBBA1C8D0FCB00936603 /* transition.cpp */; };
		9BAFBBBF1C8D13CC00936603 /* state_sequence.cpp in Sources */ = {isa = PBXBuildFile; fileRef = 9BAFBBBD1C8D13CC00936603 /* state_sequence.cpp */; };
/* End PBXBuildFile section */

/* Begin PBXCopyFilesBuildPhase section */
		9BAFBB961C8CE45F00936603 /* CopyFiles */ = {
			isa = PBXCopyFilesBuildPhase;
			buildActionMask = 2147483647;
			dstPath = /usr/share/man/man1/;
			dstSubfolderSpec = 0;
			files = (
			);
			runOnlyForDeploymentPostprocessing = 1;
		};
/* End PBXCopyFilesBuildPhase section */

/* Begin PBXFileReference section */
		9BAFBB981C8CE45F00936603 /* Tagger */ = {isa = PBXFileReference; explicitFileType = "compiled.mach-o.executable"; includeInIndex = 0; path = Tagger; sourceTree = BUILT_PRODUCTS_DIR; };
		9BAFBB9B1C8CE45F00936603 /* main.cpp */ = {isa = PBXFileReference; lastKnownFileType = sourcecode.cpp.cpp; path = main.cpp; sourceTree = "<group>"; };
		9BAFBBA81C8CEFA200936603 /* timer.cpp */ = {isa = PBXFileReference; fileEncoding = 4; lastKnownFileType = sourcecode.cpp.cpp; path = timer.cpp; sourceTree = "<group>"; };
		9BAFBBA91C8CEFA200936603 /* timer.hpp */ = {isa = PBXFileReference; fileEncoding = 4; lastKnownFileType = sourcecode.cpp.h; path = timer.hpp; sourceTree = "<group>"; };
		9BAFBBAB1C8CF19400936603 /* word.cpp */ = {isa = PBXFileReference; fileEncoding = 4; lastKnownFileType = sourcecode.cpp.cpp; path = word.cpp; sourceTree = "<group>"; };
		9BAFBBAC1C8CF19400936603 /* word.hpp */ = {isa = PBXFileReference; fileEncoding = 4; lastKnownFileType = sourcecode.cpp.h; path = word.hpp; sourceTree = "<group>"; };
		9BAFBBAE1C8CF1A600936603 /* data_manager.cpp */ = {isa = PBXFileReference; fileEncoding = 4; lastKnownFileType = sourcecode.cpp.cpp; path = data_manager.cpp; sourceTree = "<group>"; };
		9BAFBBAF1C8CF1A600936603 /* data_manager.hpp */ = {isa = PBXFileReference; fileEncoding = 4; lastKnownFileType = sourcecode.cpp.h; path = data_manager.hpp; sourceTree = "<group>"; };
		9BAFBBB11C8D001200936603 /* sentence.cpp */ = {isa = PBXFileReference; fileEncoding = 4; lastKnownFileType = sourcecode.cpp.cpp; path = sentence.cpp; sourceTree = "<group>"; };
		9BAFBBB21C8D001200936603 /* sentence.hpp */ = {isa = PBXFileReference; fileEncoding = 4; lastKnownFileType = sourcecode.cpp.h; path = sentence.hpp; sourceTree = "<group>"; };
		9BAFBBB41C8D017E00936603 /* hidden_markov_model.cpp */ = {isa = PBXFileReference; fileEncoding = 4; lastKnownFileType = sourcecode.cpp.cpp; path = hidden_markov_model.cpp; sourceTree = "<group>"; };
		9BAFBBB51C8D017E00936603 /* hidden_markov_model.hpp */ = {isa = PBXFileReference; fileEncoding = 4; lastKnownFileType = sourcecode.cpp.h; path = hidden_markov_model.hpp; sourceTree = "<group>"; };
		9BAFBBB71C8D01AC00936603 /* state.cpp */ = {isa = PBXFileReference; fileEncoding = 4; lastKnownFileType = sourcecode.cpp.cpp; path = state.cpp; sourceTree = "<group>"; };
		9BAFBBB81C8D01AC00936603 /* state.hpp */ = {isa = PBXFileReference; fileEncoding = 4; lastKnownFileType = sourcecode.cpp.h; path = state.hpp; sourceTree = "<group>"; };
		9BAFBBBA1C8D0FCB00936603 /* transition.cpp */ = {isa = PBXFileReference; fileEncoding = 4; lastKnownFileType = sourcecode.cpp.cpp; path = transition.cpp; sourceTree = "<group>"; };
		9BAFBBBB1C8D0FCB00936603 /* transition.hpp */ = {isa = PBXFileReference; fileEncoding = 4; lastKnownFileType = sourcecode.cpp.h; path = transition.hpp; sourceTree = "<group>"; };
		9BAFBBBD1C8D13CC00936603 /* state_sequence.cpp */ = {isa = PBXFileReference; fileEncoding = 4; lastKnownFileType = sourcecode.cpp.cpp; path = state_sequence.cpp; sourceTree = "<group>"; };
		9BAFBBBE1C8D13CC00936603 /* state_sequence.hpp */ = {isa = PBXFileReference; fileEncoding = 4; lastKnownFileType = sourcecode.cpp.h; path = state_sequence.hpp; sourceTree = "<group>"; };
/* End PBXFileReference section */

/* Begin PBXFrameworksBuildPhase section */
		9BAFBB951C8CE45F00936603 /* Frameworks */ = {
			isa = PBXFrameworksBuildPhase;
			buildActionMask = 2147483647;
			files = (
			);
			runOnlyForDeploymentPostprocessing = 0;
		};
/* End PBXFrameworksBuildPhase section */

/* Begin PBXGroup section */
		9BAFBB8F1C8CE45F00936603 = {
			isa = PBXGroup;
			children = (
				9BAFBB9A1C8CE45F00936603 /* Tagger */,
				9BAFBB991C8CE45F00936603 /* Products */,
			);
			sourceTree = "<group>";
		};
		9BAFBB991C8CE45F00936603 /* Products */ = {
			isa = PBXGroup;
			children = (
				9BAFBB981C8CE45F00936603 /* Tagger */,
			);
			name = Products;
			sourceTree = "<group>";
		};
		9BAFBB9A1C8CE45F00936603 /* Tagger */ = {
			isa = PBXGroup;
			children = (
				9BAFBB9B1C8CE45F00936603 /* main.cpp */,
				9BAFBBAB1C8CF19400936603 /* word.cpp */,
				9BAFBBAC1C8CF19400936603 /* word.hpp */,
				9BAFBBB11C8D001200936603 /* sentence.cpp */,
				9BAFBBB21C8D001200936603 /* sentence.hpp */,
				9BAFBBAE1C8CF1A600936603 /* data_manager.cpp */,
				9BAFBBAF1C8CF1A600936603 /* data_manager.hpp */,
				9BAFBBA81C8CEFA200936603 /* timer.cpp */,
				9BAFBBA91C8CEFA200936603 /* timer.hpp */,
				9BAFBBB41C8D017E00936603 /* hidden_markov_model.cpp */,
				9BAFBBB51C8D017E00936603 /* hidden_markov_model.hpp */,
				9BAFBBB71C8D01AC00936603 /* state.cpp */,
				9BAFBBB81C8D01AC00936603 /* state.hpp */,
				9BAFBBBD1C8D13CC00936603 /* state_sequence.cpp */,
				9BAFBBBE1C8D13CC00936603 /* state_sequence.hpp */,
				9BAFBBBA1C8D0FCB00936603 /* transition.cpp */,
				9BAFBBBB1C8D0FCB00936603 /* transition.hpp */,
			);
			path = Tagger;
			sourceTree = "<group>";
		};
/* End PBXGroup section */

/* Begin PBXNativeTarget section */
		9BAFBB971C8CE45F00936603 /* Tagger */ = {
			isa = PBXNativeTarget;
			buildConfigurationList = 9BAFBB9F1C8CE45F00936603 /* Build configuration list for PBXNativeTarget "Tagger" */;
			buildPhases = (
				9BAFBB941C8CE45F00936603 /* Sources */,
				9BAFBB951C8CE45F00936603 /* Frameworks */,
				9BAFBB961C8CE45F00936603 /* CopyFiles */,
			);
			buildRules = (
			);
			dependencies = (
			);
			name = Tagger;
			productName = Tagger;
			productReference = 9BAFBB981C8CE45F00936603 /* Tagger */;
			productType = "com.apple.product-type.tool";
		};
/* End PBXNativeTarget section */

/* Begin PBXProject section */
		9BAFBB901C8CE45F00936603 /* Project object */ = {
			isa = PBXProject;
			attributes = {
				LastUpgradeCheck = 0720;
				ORGANIZATIONNAME = ZhaoYuhan;
				TargetAttributes = {
					9BAFBB971C8CE45F00936603 = {
						CreatedOnToolsVersion = 7.2.1;
					};
				};
			};
			buildConfigurationList = 9BAFBB931C8CE45F00936603 /* Build configuration list for PBXProject "Tagger" */;
			compatibilityVersion = "Xcode 3.2";
			developmentRegion = English;
			hasScannedForEncodings = 0;
			knownRegions = (
				en,
			);
			mainGroup = 9BAFBB8F1C8CE45F00936603;
			productRefGroup = 9BAFBB991C8CE45F00936603 /* Products */;
			projectDirPath = "";
			projectRoot = "";
			targets = (
				9BAFBB971C8CE45F00936603 /* Tagger */,
			);
		};
/* End PBXProject section */

/* Begin PBXSourcesBuildPhase section */
		9BAFBB941C8CE45F00936603 /* Sources */ = {
			isa = PBXSourcesBuildPhase;
			buildActionMask = 2147483647;
			files = (
				9BAFBBB31C8D001200936603 /* sentence.cpp in Sources */,
				9BAFBBB91C8D01AC00936603 /* state.cpp in Sources */,
				9BAFBBBC1C8D0FCB00936603 /* transition.cpp in Sources */,
				9BAFBB9C1C8CE45F00936603 /* main.cpp in Sources */,
				9BAFBBAD1C8CF19400936603 /* word.cpp in Sources */,
				9BAFBBB61C8D017E00936603 /* hidden_markov_model.cpp in Sources */,
				9BAFBBB01C8CF1A600936603 /* data_manager.cpp in Sources */,
				9BAFBBAA1C8CEFA200936603 /* timer.cpp in Sources */,
				9BAFBBBF1C8D13CC00936603 /* state_sequence.cpp in Sources */,
			);
			runOnlyForDeploymentPostprocessing = 0;
		};
/* End PBXSourcesBuildPhase section */

/* Begin XCBuildConfiguration section */
		9BAFBB9D1C8CE45F00936603 /* Debug */ = {
			isa = XCBuildConfiguration;
			buildSettings = {
				ALWAYS_SEARCH_USER_PATHS = NO;
				CLANG_CXX_LANGUAGE_STANDARD = "gnu++0x";
				CLANG_CXX_LIBRARY = "libc++";
				CLANG_ENABLE_MODULES = YES;
				CLANG_ENABLE_OBJC_ARC = YES;
				CLANG_WARN_BOOL_CONVERSION = YES;
				CLANG_WARN_CONSTANT_CONVERSION = YES;
				CLANG_WARN_DIRECT_OBJC_ISA_USAGE = YES_ERROR;
				CLANG_WARN_EMPTY_BODY = YES;
				CLANG_WARN_ENUM_CONVERSION = YES;
				CLANG_WARN_INT_CONVERSION = YES;
				CLANG_WARN_OBJC_ROOT_CLASS = YES_ERROR;
				CLANG_WARN_UNREACHABLE_CODE = YES;
				CLANG_WARN__DUPLICATE_METHOD_MATCH = YES;
				CODE_SIGN_IDENTITY = "-";
				COPY_PHASE_STRIP = NO;
				DEBUG_INFORMATION_FORMAT = dwarf;
				ENABLE_STRICT_OBJC_MSGSEND = YES;
				ENABLE_TESTABILITY = YES;
				GCC_C_LANGUAGE_STANDARD = gnu99;
				GCC_DYNAMIC_NO_PIC = NO;
				GCC_NO_COMMON_BLOCKS = YES;
				GCC_OPTIMIZATION_LEVEL = 0;
				GCC_PREPROCESSOR_DEFINITIONS = (
					"DEBUG=1",
					"$(inherited)",
				);
				GCC_WARN_64_TO_32_BIT_CONVERSION = YES;
				GCC_WARN_ABOUT_RETURN_TYPE = YES_ERROR;
				GCC_WARN_UNDECLARED_SELECTOR = YES;
				GCC_WARN_UNINITIALIZED_AUTOS = YES_AGGRESSIVE;
				GCC_WARN_UNUSED_FUNCTION = YES;
				GCC_WARN_UNUSED_VARIABLE = YES;
				MACOSX_DEPLOYMENT_TARGET = 10.11;
				MTL_ENABLE_DEBUG_INFO = YES;
				ONLY_ACTIVE_ARCH = YES;
				SDKROOT = macosx;
			};
			name = Debug;
		};
		9BAFBB9E1C8CE45F00936603 /* Release */ = {
			isa = XCBuildConfiguration;
			buildSettings = {
				ALWAYS_SEARCH_USER_PATHS = NO;
				CLANG_CXX_LANGUAGE_STANDARD = "gnu++0x";
				CLANG_CXX_LIBRARY = "libc++";
				CLANG_ENABLE_MODULES = YES;
				CLANG_ENABLE_OBJC_ARC = YES;
				CLANG_WARN_BOOL_CONVERSION = YES;
				CLANG_WARN_CONSTANT_CONVERSION = YES;
				CLANG_WARN_DIRECT_OBJC_ISA_USAGE = YES_ERROR;
				CLANG_WARN_EMPTY_BODY = YES;
				CLANG_WARN_ENUM_CONVERSION = YES;
				CLANG_WARN_INT_CONVERSION = YES;
				CLANG_WARN_OBJC_ROOT_CLASS = YES_ERROR;
				CLANG_WARN_UNREACHABLE_CODE = YES;
				CLANG_WARN__DUPLICATE_METHOD_MATCH = YES;
				CODE_SIGN_IDENTITY = "-";
				COPY_PHASE_STRIP = NO;
				DEBUG_INFORMATION_FORMAT = "dwarf-with-dsym";
				ENABLE_NS_ASSERTIONS = NO;
				ENABLE_STRICT_OBJC_MSGSEND = YES;
				GCC_C_LANGUAGE_STANDARD = gnu99;
				GCC_NO_COMMON_BLOCKS = YES;
				GCC_WARN_64_TO_32_BIT_CONVERSION = YES;
				GCC_WARN_ABOUT_RETURN_TYPE = YES_ERROR;
				GCC_WARN_UNDECLARED_SELECTOR = YES;
				GCC_WARN_UNINITIALIZED_AUTOS = YES_AGGRESSIVE;
				GCC_WARN_UNUSED_FUNCTION = YES;
				GCC_WARN_UNUSED_VARIABLE = YES;
				MACOSX_DEPLOYMENT_TARGET = 10.11;
				MTL_ENABLE_DEBUG_INFO = NO;
				SDKROOT = macosx;
			};
			name = Release;
		};
		9BAFBBA01C8CE45F00936603 /* Debug */ = {
			isa = XCBuildConfiguration;
			buildSettings = {
				PRODUCT_NAME = "$(TARGET_NAME)";
			};
			name = Debug;
		};
		9BAFBBA11C8CE45F00936603 /* Release */ = {
			isa = XCBuildConfiguration;
			buildSettings = {
				PRODUCT_NAME = "$(TARGET_NAME)";
			};
			name = Release;
		};
/* End XCBuildConfiguration section */

/* Begin XCConfigurationList section */
		9BAFBB931C8CE45F00936603 /* Build configuration list for PBXProject "Tagger" */ = {
			isa = XCConfigurationList;
			buildConfigurations = (
				9BAFBB9D1C8CE45F00936603 /* Debug */,
				9BAFBB9E1C8CE45F00936603 /* Release */,
			);
			defaultConfigurationIsVisible = 0;
			defaultConfigurationName = Release;
		};
		9BAFBB9F1C8CE45F00936603 /* Build configuration list for PBXNativeTarget "Tagger" */ = {
			isa = XCConfigurationList;
			buildConfigurations = (
				9BAFBBA01C8CE45F00936603 /* Debug */,
				9BAFBBA11C8CE45F00936603 /* Release */,
			);
			defaultConfigurationIsVisible = 0;
		};
/* End XCConfigurationList section */
	};
	rootObject = 9BAFBB901C8CE45F00936603 /* Project object */;
}
